
Microsoft Visual Studio Solution File, Format Version 12.00
# Visual Studio 14
VisualStudioVersion = 14.0.25420.1
MinimumVisualStudioVersion = 10.0.40219.1
Project("{FAE04EC0-301F-11D3-BF4B-00C04F79EFBC}") = "Emara.CodingTest", "Emara.CodingTest\Emara.CodingTest.csproj", "{7C4BED42-537F-4F28-A540-00F83840999E}"
EndProject
Project("{FAE04EC0-301F-11D3-BF4B-00C04F79EFBC}") = "Emara.CodingTest.Tests", "Emara.CodingTest.Tests\Emara.CodingTest.Tests.csproj", "{BA7F2B65-3043-465C-BD84-41EAA88A9707}"
EndProject
Project("{FAE04EC0-301F-11D3-BF4B-00C04F79EFBC}") = "Emara.CustomTypes", "Emara.CustomTypes\Emara.CustomTypes.csproj", "{8728064D-295A-4DD4-8F36-CF505FA19EED}"
EndProject
Global
	GlobalSection(SolutionConfigurationPlatforms) = preSolution
		Debug|Any CPU = Debug|Any CPU
		Release|Any CPU = Release|Any CPU
	EndGlobalSection
	GlobalSection(ProjectConfigurationPlatforms) = postSolution
		{7C4BED42-537F-4F28-A540-00F83840999E}.Debug|Any CPU.ActiveCfg = Debug|Any CPU
		{7C4BED42-537F-4F28-A540-00F83840999E}.Debug|Any CPU.Build.0 = Debug|Any CPU
		{7C4BED42-537F-4F28-A540-00F83840999E}.Release|Any CPU.ActiveCfg = Release|Any CPU
		{7C4BED42-537F-4F28-A540-00F83840999E}.Release|Any CPU.Build.0 = Release|Any CPU
		{BA7F2B65-3043-465C-BD84-41EAA88A9707}.Debug|Any CPU.ActiveCfg = Debug|Any CPU
		{BA7F2B65-3043-465C-BD84-41EAA88A9707}.Debug|Any CPU.Build.0 = Debug|Any CPU
		{BA7F2B65-3043-465C-BD84-41EAA88A9707}.Release|Any CPU.ActiveCfg = Release|Any CPU
		{BA7F2B65-3043-465C-BD84-41EAA88A9707}.Release|Any CPU.Build.0 = Release|Any CPU
		{8728064D-295A-4DD4-8F36-CF505FA19EED}.Debug|Any CPU.ActiveCfg = Debug|Any CPU
		{8728064D-295A-4DD4-8F36-CF505FA19EED}.Debug|Any CPU.Build.0 = Debug|Any CPU
		{8728064D-295A-4DD4-8F36-CF505FA19EED}.Release|Any CPU.ActiveCfg = Release|Any CPU
		{8728064D-295A-4DD4-8F36-CF505FA19EED}.Release|Any CPU.Build.0 = Release|Any CPU
	EndGlobalSection
	GlobalSection(SolutionProperties) = preSolution
		HideSolutionNode = FALSE
	EndGlobalSection
EndGlobal
